
Microsoft Visual Studio Solution File, Format Version 12.00
# Visual Studio Version 17
VisualStudioVersion = 17.7.34202.233
MinimumVisualStudioVersion = 10.0.40219.1
Project("{888888A0-9F3D-457C-B088-3A5042F75D52}") = "gs_epl", "gs_epl.pyproj", "{4837E7D1-CAA1-402A-B7EB-B3917A828A09}"
EndProject
Global
	GlobalSection(SolutionConfigurationPlatforms) = preSolution
		Debug|Any CPU = Debug|Any CPU
		Release|Any CPU = Release|Any CPU
	EndGlobalSection
	GlobalSection(ProjectConfigurationPlatforms) = postSolution
		{4837E7D1-CAA1-402A-B7EB-B3917A828A09}.Debug|Any CPU.ActiveCfg = Debug|Any CPU
		{4837E7D1-CAA1-402A-B7EB-B3917A828A09}.Release|Any CPU.ActiveCfg = Release|Any CPU
	EndGlobalSection
	GlobalSection(SolutionProperties) = preSolution
		HideSolutionNode = FALSE
	EndGlobalSection
	GlobalSection(ExtensibilityGlobals) = postSolution
		SolutionGuid = {9EE9F6DF-08F4-4ABD-87E5-FEAF5046169D}
	EndGlobalSection
EndGlobal
